
Microsoft Visual Studio Solution File, Format Version 12.00
# Visual Studio Version 17
VisualStudioVersion = 17.5.002.0
MinimumVisualStudioVersion = 10.0.40219.1
Project("{9A19103F-16F7-4668-BE54-9A1E7A4F7556}") = "Inventory", "Inventory.csproj", "{89D1830A-EE02-44FC-9D4D-B1404D234A19}"
EndProject
Global
	GlobalSection(SolutionConfigurationPlatforms) = preSolution
		Debug|Any CPU = Debug|Any CPU
		Release|Any CPU = Release|Any CPU
	EndGlobalSection
	GlobalSection(ProjectConfigurationPlatforms) = postSolution
		{89D1830A-EE02-44FC-9D4D-B1404D234A19}.Debug|Any CPU.ActiveCfg = Debug|Any CPU
		{89D1830A-EE02-44FC-9D4D-B1404D234A19}.Debug|Any CPU.Build.0 = Debug|Any CPU
		{89D1830A-EE02-44FC-9D4D-B1404D234A19}.Release|Any CPU.ActiveCfg = Release|Any CPU
		{89D1830A-EE02-44FC-9D4D-B1404D234A19}.Release|Any CPU.Build.0 = Release|Any CPU
	EndGlobalSection
	GlobalSection(SolutionProperties) = preSolution
		HideSolutionNode = FALSE
	EndGlobalSection
	GlobalSection(ExtensibilityGlobals) = postSolution
		SolutionGuid = {D560B159-1B3E-4D40-BA56-D13584BB69B3}
	EndGlobalSection
EndGlobal
